
Microsoft Visual Studio Solution File, Format Version 12.00
# Visual Studio Version 17
VisualStudioVersion = 17.6.33829.357
MinimumVisualStudioVersion = 10.0.40219.1
Project("{FAE04EC0-301F-11D3-BF4B-00C04F79EFBC}") = "MyToDoBackgroundWorker", "MyToDoBackgroundWorker.csproj", "{817C283A-F1AF-424E-8B3A-67BB1FAFD443}"
EndProject
Global
	GlobalSection(SolutionConfigurationPlatforms) = preSolution
		Debug|Any CPU = Debug|Any CPU
		Release|Any CPU = Release|Any CPU
	EndGlobalSection
	GlobalSection(ProjectConfigurationPlatforms) = postSolution
		{817C283A-F1AF-424E-8B3A-67BB1FAFD443}.Debug|Any CPU.ActiveCfg = Debug|Any CPU
		{817C283A-F1AF-424E-8B3A-67BB1FAFD443}.Debug|Any CPU.Build.0 = Debug|Any CPU
		{817C283A-F1AF-424E-8B3A-67BB1FAFD443}.Release|Any CPU.ActiveCfg = Release|Any CPU
		{817C283A-F1AF-424E-8B3A-67BB1FAFD443}.Release|Any CPU.Build.0 = Release|Any CPU
	EndGlobalSection
	GlobalSection(SolutionProperties) = preSolution
		HideSolutionNode = FALSE
	EndGlobalSection
	GlobalSection(ExtensibilityGlobals) = postSolution
		SolutionGuid = {43C7A503-C53E-449C-95F9-B18E336BAA61}
	EndGlobalSection
EndGlobal
